
Microsoft Visual Studio Solution File, Format Version 12.00
# Visual Studio Version 16
VisualStudioVersion = 16.0.33423.256
MinimumVisualStudioVersion = 10.0.40219.1
Project("{8BC9CEB8-8B4A-11D0-8D11-00A0C91BC942}") = "ProceduralRooms", "ProceduralRooms.vcxproj", "{FCC6D447-D150-4B71-AEC0-E52FBABF55D7}"
EndProject
Global
	GlobalSection(SolutionConfigurationPlatforms) = preSolution
		Debug|x64 = Debug|x64
		Debug|x86 = Debug|x86
		Release|x64 = Release|x64
		Release|x86 = Release|x86
	EndGlobalSection
	GlobalSection(ProjectConfigurationPlatforms) = postSolution
		{FCC6D447-D150-4B71-AEC0-E52FBABF55D7}.Debug|x64.ActiveCfg = Debug|x64
		{FCC6D447-D150-4B71-AEC0-E52FBABF55D7}.Debug|x64.Build.0 = Debug|x64
		{FCC6D447-D150-4B71-AEC0-E52FBABF55D7}.Debug|x86.ActiveCfg = Debug|Win32
		{FCC6D447-D150-4B71-AEC0-E52FBABF55D7}.Debug|x86.Build.0 = Debug|Win32
		{FCC6D447-D150-4B71-AEC0-E52FBABF55D7}.Release|x64.ActiveCfg = Release|x64
		{FCC6D447-D150-4B71-AEC0-E52FBABF55D7}.Release|x64.Build.0 = Release|x64
		{FCC6D447-D150-4B71-AEC0-E52FBABF55D7}.Release|x86.ActiveCfg = Release|Win32
		{FCC6D447-D150-4B71-AEC0-E52FBABF55D7}.Release|x86.Build.0 = Release|Win32
	EndGlobalSection
	GlobalSection(SolutionProperties) = preSolution
		HideSolutionNode = FALSE
	EndGlobalSection
	GlobalSection(ExtensibilityGlobals) = postSolution
		SolutionGuid = {EDB0D6C0-8375-4CDC-BC88-C4B69116DD4E}
	EndGlobalSection
EndGlobal
